// !$*UTF8*$!
{
	archiveVersion = 1;
	classes = {
	};
	objectVersion = 51;
	objects = {

/* Begin PBXBuildFile section */
		262C0CBC25008A7900D37CB9 /* AppDelegate.swift in Sources */ = {isa = PBXBuildFile; fileRef = 262C0CBB25008A7900D37CB9 /* AppDelegate.swift */; };
		262C0CBE25008A7900D37CB9 /* SceneDelegate.swift in Sources */ = {isa = PBXBuildFile; fileRef = 262C0CBD25008A7900D37CB9 /* SceneDelegate.swift */; };
		262C0CC525008A7A00D37CB9 /* Assets.xcassets in Resources */ = {isa = PBXBuildFile; fileRef = 262C0CC425008A7A00D37CB9 /* Assets.xcassets */; };
		262C0CC825008A7A00D37CB9 /* LaunchScreen.storyboard in Resources */ = {isa = PBXBuildFile; fileRef = 262C0CC625008A7A00D37CB9 /* LaunchScreen.storyboard */; };
		262C0CD02500DEE300D37CB9 /* BaseViewController.swift in Sources */ = {isa = PBXBuildFile; fileRef = 262C0CCF2500DEE300D37CB9 /* BaseViewController.swift */; };
		262C0CD22500E1F600D37CB9 /* MaterialCell.swift in Sources */ = {isa = PBXBuildFile; fileRef = 262C0CD12500E1F600D37CB9 /* MaterialCell.swift */; };
		26BD40912501E70200982B92 /* PinterestLayout.swift in Sources */ = {isa = PBXBuildFile; fileRef = 26BD40902501E70200982B92 /* PinterestLayout.swift */; };
		78AFEA5D11D8C9A4877CCEDF /* Pods_Material.framework in Frameworks */ = {isa = PBXBuildFile; fileRef = 32234C12DD33B8DFC8D3DE70 /* Pods_Material.framework */; };
/* End PBXBuildFile section */

/* Begin PBXFileReference section */
		262C0CB825008A7900D37CB9 /* Material.app */ = {isa = PBXFileReference; explicitFileType = wrapper.application; includeInIndex = 0; path = Material.app; sourceTree = BUILT_PRODUCTS_DIR; };
		262C0CBB25008A7900D37CB9 /* AppDelegate.swift */ = {isa = PBXFileReference; lastKnownFileType = sourcecode.swift; path = AppDelegate.swift; sourceTree = "<group>"; };
		262C0CBD25008A7900D37CB9 /* SceneDelegate.swift */ = {isa = PBXFileReference; lastKnownFileType = sourcecode.swift; path = SceneDelegate.swift; sourceTree = "<group>"; };
		262C0CC425008A7A00D37CB9 /* Assets.xcassets */ = {isa = PBXFileReference; lastKnownFileType = folder.assetcatalog; path = Assets.xcassets; sourceTree = "<group>"; };
		262C0CC725008A7A00D37CB9 /* Base */ = {isa = PBXFileReference; lastKnownFileType = file.storyboard; name = Base; path = Base.lproj/LaunchScreen.storyboard; sourceTree = "<group>"; };
		262C0CC925008A7A00D37CB9 /* Info.plist */ = {isa = PBXFileReference; lastKnownFileType = text.plist.xml; path = Info.plist; sourceTree = "<group>"; };
		262C0CCF2500DEE300D37CB9 /* BaseViewController.swift */ = {isa = PBXFileReference; lastKnownFileType = sourcecode.swift; path = BaseViewController.swift; sourceTree = "<group>"; };
		262C0CD12500E1F600D37CB9 /* MaterialCell.swift */ = {isa = PBXFileReference; lastKnownFileType = sourcecode.swift; path = MaterialCell.swift; sourceTree = "<group>"; };
		26BD40902501E70200982B92 /* PinterestLayout.swift */ = {isa = PBXFileReference; lastKnownFileType = sourcecode.swift; path = PinterestLayout.swift; sourceTree = "<group>"; };
		32234C12DD33B8DFC8D3DE70 /* Pods_Material.framework */ = {isa = PBXFileReference; explicitFileType = wrapper.framework; includeInIndex = 0; path = Pods_Material.framework; sourceTree = BUILT_PRODUCTS_DIR; };
		34C83FF74CFAEAF05C77DDCC /* Pods-Material.debug.xcconfig */ = {isa = PBXFileReference; includeInIndex = 1; lastKnownFileType = text.xcconfig; name = "Pods-Material.debug.xcconfig"; path = "Target Support Files/Pods-Material/Pods-Material.debug.xcconfig"; sourceTree = "<group>"; };
		F1BBD694E202A190A409FE7A /* Pods-Material.release.xcconfig */ = {isa = PBXFileReference; includeInIndex = 1; lastKnownFileType = text.xcconfig; name = "Pods-Material.release.xcconfig"; path = "Target Support Files/Pods-Material/Pods-Material.release.xcconfig"; sourceTree = "<group>"; };
/* End PBXFileReference section */

/* Begin PBXFrameworksBuildPhase section */
		262C0CB525008A7900D37CB9 /* Frameworks */ = {
			isa = PBXFrameworksBuildPhase;
			buildActionMask = 2147483647;
			files = (
				78AFEA5D11D8C9A4877CCEDF /* Pods_Material.framework in Frameworks */,
			);
			runOnlyForDeploymentPostprocessing = 0;
		};
/* End PBXFrameworksBuildPhase section */

/* Begin PBXGroup section */
		262C0CAF25008A7900D37CB9 = {
			isa = PBXGroup;
			children = (
				262C0CBA25008A7900D37CB9 /* Material */,
				262C0CB925008A7900D37CB9 /* Products */,
				31AC978EEB4EED350BFEFEC5 /* Pods */,
				42707FF230F860856B6A64E2 /* Frameworks */,
			);
			sourceTree = "<group>";
		};
		262C0CB925008A7900D37CB9 /* Products */ = {
			isa = PBXGroup;
			children = (
				262C0CB825008A7900D37CB9 /* Material.app */,
			);
			name = Products;
			sourceTree = "<group>";
		};
		262C0CBA25008A7900D37CB9 /* Material */ = {
			isa = PBXGroup;
			children = (
				262C0CBB25008A7900D37CB9 /* AppDelegate.swift */,
				262C0CBD25008A7900D37CB9 /* SceneDelegate.swift */,
				262C0CC425008A7A00D37CB9 /* Assets.xcassets */,
				262C0CC625008A7A00D37CB9 /* LaunchScreen.storyboard */,
				262C0CC925008A7A00D37CB9 /* Info.plist */,
				262C0CCF2500DEE300D37CB9 /* BaseViewController.swift */,
				262C0CD12500E1F600D37CB9 /* MaterialCell.swift */,
				26BD40902501E70200982B92 /* PinterestLayout.swift */,
			);
			path = Material;
			sourceTree = "<group>";
		};
		31AC978EEB4EED350BFEFEC5 /* Pods */ = {
			isa = PBXGroup;
			children = (
				34C83FF74CFAEAF05C77DDCC /* Pods-Material.debug.xcconfig */,
				F1BBD694E202A190A409FE7A /* Pods-Material.release.xcconfig */,
			);
			path = Pods;
			sourceTree = "<group>";
		};
		42707FF230F860856B6A64E2 /* Frameworks */ = {
			isa = PBXGroup;
			children = (
				32234C12DD33B8DFC8D3DE70 /* Pods_Material.framework */,
			);
			name = Frameworks;
			sourceTree = "<group>";
		};
/* End PBXGroup section */

/* Begin PBXNativeTarget section */
		262C0CB725008A7900D37CB9 /* Material */ = {
			isa = PBXNativeTarget;
			buildConfigurationList = 262C0CCC25008A7A00D37CB9 /* Build configuration list for PBXNativeTarget "Material" */;
			buildPhases = (
				54C63423FC3493ED190507C3 /* [CP] Check Pods Manifest.lock */,
				262C0CB425008A7900D37CB9 /* Sources */,
				262C0CB525008A7900D37CB9 /* Frameworks */,
				262C0CB625008A7900D37CB9 /* Resources */,
				E311C23043E9B8DB2A4D6B0C /* [CP] Embed Pods Frameworks */,
			);
			buildRules = (
			);
			dependencies = (
			);
			name = Material;
			productName = Material;
			productReference = 262C0CB825008A7900D37CB9 /* Material.app */;
			productType = "com.apple.product-type.application";
		};
/* End PBXNativeTarget section */

/* Begin PBXProject section */
		262C0CB025008A7900D37CB9 /* Project object */ = {
			isa = PBXProject;
			attributes = {
				LastSwiftUpdateCheck = 1160;
				LastUpgradeCheck = 1160;
				ORGANIZATIONNAME = "ChengGuoTech || CG-005";
				TargetAttributes = {
					262C0CB725008A7900D37CB9 = {
						CreatedOnToolsVersion = 11.6;
					};
				};
			};
			buildConfigurationList = 262C0CB325008A7900D37CB9 /* Build configuration list for PBXProject "Material" */;
			compatibilityVersion = "Xcode 9.3";
			developmentRegion = en;
			hasScannedForEncodings = 0;
			knownRegions = (
				en,
				Base,
			);
			mainGroup = 262C0CAF25008A7900D37CB9;
			productRefGroup = 262C0CB925008A7900D37CB9 /* Products */;
			projectDirPath = "";
			projectRoot = "";
			targets = (
				262C0CB725008A7900D37CB9 /* Material */,
			);
		};
/* End PBXProject section */

/* Begin PBXResourcesBuildPhase section */
		262C0CB625008A7900D37CB9 /* Resources */ = {
			isa = PBXResourcesBuildPhase;
			buildActionMask = 2147483647;
			files = (
				262C0CC825008A7A00D37CB9 /* LaunchScreen.storyboard in Resources */,
				262C0CC525008A7A00D37CB9 /* Assets.xcassets in Resources */,
			);
			runOnlyForDeploymentPostprocessing = 0;
		};
/* End PBXResourcesBuildPhase section */

/* Begin PBXShellScriptBuildPhase section */
		54C63423FC3493ED190507C3 /* [CP] Check Pods Manifest.lock */ = {
			isa = PBXShellScriptBuildPhase;
			buildActionMask = 2147483647;
			files = (
			);
			inputFileListPaths = (
			);
			inputPaths = (
				"${PODS_PODFILE_DIR_PATH}/Podfile.lock",
				"${PODS_ROOT}/Manifest.lock",
			);
			name = "[CP] Check Pods Manifest.lock";
			outputFileListPaths = (
			);
			outputPaths = (
				"$(DERIVED_FILE_DIR)/Pods-Material-checkManifestLockResult.txt",
			);
			runOnlyForDeploymentPostprocessing = 0;
			shellPath = /bin/sh;
			shellScript = "diff \"${PODS_PODFILE_DIR_PATH}/Podfile.lock\" \"${PODS_ROOT}/Manifest.lock\" > /dev/null\nif [ $? != 0 ] ; then\n    # print error to STDERR\n    echo \"error: The sandbox is not in sync with the Podfile.lock. Run 'pod install' or update your CocoaPods installation.\" >&2\n    exit 1\nfi\n# This output is used by Xcode 'outputs' to avoid re-running this script phase.\necho \"SUCCESS\" > \"${SCRIPT_OUTPUT_FILE_0}\"\n";
			showEnvVarsInLog = 0;
		};
		E311C23043E9B8DB2A4D6B0C /* [CP] Embed Pods Frameworks */ = {
			isa = PBXShellScriptBuildPhase;
			buildActionMask = 2147483647;
			files = (
			);
			inputFileListPaths = (
				"${PODS_ROOT}/Target Support Files/Pods-Material/Pods-Material-frameworks-${CONFIGURATION}-input-files.xcfilelist",
			);
			name = "[CP] Embed Pods Frameworks";
			outputFileListPaths = (
				"${PODS_ROOT}/Target Support Files/Pods-Material/Pods-Material-frameworks-${CONFIGURATION}-output-files.xcfilelist",
			);
			runOnlyForDeploymentPostprocessing = 0;
			shellPath = /bin/sh;
			shellScript = "\"${PODS_ROOT}/Target Support Files/Pods-Material/Pods-Material-frameworks.sh\"\n";
			showEnvVarsInLog = 0;
		};
/* End PBXShellScriptBuildPhase section */

/* Begin PBXSourcesBuildPhase section */
		262C0CB425008A7900D37CB9 /* Sources */ = {
			isa = PBXSourcesBuildPhase;
			buildActionMask = 2147483647;
			files = (
				26BD40912501E70200982B92 /* PinterestLayout.swift in Sources */,
				262C0CD22500E1F600D37CB9 /* MaterialCell.swift in Sources */,
				262C0CBC25008A7900D37CB9 /* AppDelegate.swift in Sources */,
				262C0CBE25008A7900D37CB9 /* SceneDelegate.swift in Sources */,
				262C0CD02500DEE300D37CB9 /* BaseViewController.swift in Sources */,
			);
			runOnlyForDeploymentPostprocessing = 0;
		};
/* End PBXSourcesBuildPhase section */

/* Begin PBXVariantGroup section */
		262C0CC625008A7A00D37CB9 /* LaunchScreen.storyboard */ = {
			isa = PBXVariantGroup;
			children = (
				262C0CC725008A7A00D37CB9 /* Base */,
			);
			name = LaunchScreen.storyboard;
			sourceTree = "<group>";
		};
/* End PBXVariantGroup section */

/* Begin XCBuildConfiguration section */
		262C0CCA25008A7A00D37CB9 /* Debug */ = {
			isa = XCBuildConfiguration;
			buildSettings = {
				ALWAYS_SEARCH_USER_PATHS = NO;
				CLANG_ANALYZER_NONNULL = YES;
				CLANG_ANALYZER_NUMBER_OBJECT_CONVERSION = YES_AGGRESSIVE;
				CLANG_CXX_LANGUAGE_STANDARD = "gnu++14";
				CLANG_CXX_LIBRARY = "libc++";
				CLANG_ENABLE_MODULES = YES;
				CLANG_ENABLE_OBJC_ARC = YES;
				CLANG_ENABLE_OBJC_WEAK = YES;
				CLANG_WARN_BLOCK_CAPTURE_AUTORELEASING = YES;
				CLANG_WARN_BOOL_CONVERSION = YES;
				CLANG_WARN_COMMA = YES;
				CLANG_WARN_CONSTANT_CONVERSION = YES;
				CLANG_WARN_DEPRECATED_OBJC_IMPLEMENTATIONS = YES;
				CLANG_WARN_DIRECT_OBJC_ISA_USAGE = YES_ERROR;
				CLANG_WARN_DOCUMENTATION_COMMENTS = YES;
				CLANG_WARN_EMPTY_BODY = YES;
				CLANG_WARN_ENUM_CONVERSION = YES;
				CLANG_WARN_INFINITE_RECURSION = YES;
				CLANG_WARN_INT_CONVERSION = YES;
				CLANG_WARN_NON_LITERAL_NULL_CONVERSION = YES;
				CLANG_WARN_OBJC_IMPLICIT_RETAIN_SELF = YES;
				CLANG_WARN_OBJC_LITERAL_CONVERSION = YES;
				CLANG_WARN_OBJC_ROOT_CLASS = YES_ERROR;
				CLANG_WARN_RANGE_LOOP_ANALYSIS = YES;
				CLANG_WARN_STRICT_PROTOTYPES = YES;
				CLANG_WARN_SUSPICIOUS_MOVE = YES;
				CLANG_WARN_UNGUARDED_AVAILABILITY = YES_AGGRESSIVE;
				CLANG_WARN_UNREACHABLE_CODE = YES;
				CLANG_WARN__DUPLICATE_METHOD_MATCH = YES;
				COPY_PHASE_STRIP = NO;
				DEBUG_INFORMATION_FORMAT = dwarf;
				ENABLE_STRICT_OBJC_MSGSEND = YES;
				ENABLE_TESTABILITY = YES;
				GCC_C_LANGUAGE_STANDARD = gnu11;
				GCC_DYNAMIC_NO_PIC = NO;
				GCC_NO_COMMON_BLOCKS = YES;
				GCC_OPTIMIZATION_LEVEL = 0;
				GCC_PREPROCESSOR_DEFINITIONS = (
					"DEBUG=1",
					"$(inherited)",
				);
				GCC_WARN_64_TO_32_BIT_CONVERSION = YES;
				GCC_WARN_ABOUT_RETURN_TYPE = YES_ERROR;
				GCC_WARN_UNDECLARED_SELECTOR = YES;
				GCC_WARN_UNINITIALIZED_AUTOS = YES_AGGRESSIVE;
				GCC_WARN_UNUSED_FUNCTION = YES;
				GCC_WARN_UNUSED_VARIABLE = YES;
				IPHONEOS_DEPLOYMENT_TARGET = 13.6;
				MTL_ENABLE_DEBUG_INFO = INCLUDE_SOURCE;
				MTL_FAST_MATH = YES;
				ONLY_ACTIVE_ARCH = YES;
				SDKROOT = iphoneos;
				SWIFT_ACTIVE_COMPILATION_CONDITIONS = DEBUG;
				SWIFT_OPTIMIZATION_LEVEL = "-Onone";
			};
			name = Debug;
		};
		262C0CCB25008A7A00D37CB9 /* Release */ = {
			isa = XCBuildConfiguration;
			buildSettings = {
				ALWAYS_SEARCH_USER_PATHS = NO;
				CLANG_ANALYZER_NONNULL = YES;
				CLANG_ANALYZER_NUMBER_OBJECT_CONVERSION = YES_AGGRESSIVE;
				CLANG_CXX_LANGUAGE_STANDARD = "gnu++14";
				CLANG_CXX_LIBRARY = "libc++";
				CLANG_ENABLE_MODULES = YES;
				CLANG_ENABLE_OBJC_ARC = YES;
				CLANG_ENABLE_OBJC_WEAK = YES;
				CLANG_WARN_BLOCK_CAPTURE_AUTORELEASING = YES;
				CLANG_WARN_BOOL_CONVERSION = YES;
				CLANG_WARN_COMMA = YES;
				CLANG_WARN_CONSTANT_CONVERSION = YES;
				CLANG_WARN_DEPRECATED_OBJC_IMPLEMENTATIONS = YES;
				CLANG_WARN_DIRECT_OBJC_ISA_USAGE = YES_ERROR;
				CLANG_WARN_DOCUMENTATION_COMMENTS = YES;
				CLANG_WARN_EMPTY_BODY = YES;
				CLANG_WARN_ENUM_CONVERSION = YES;
				CLANG_WARN_INFINITE_RECURSION = YES;
				CLANG_WARN_INT_CONVERSION = YES;
				CLANG_WARN_NON_LITERAL_NULL_CONVERSION = YES;
				CLANG_WARN_OBJC_IMPLICIT_RETAIN_SELF = YES;
				CLANG_WARN_OBJC_LITERAL_CONVERSION = YES;
				CLANG_WARN_OBJC_ROOT_CLASS = YES_ERROR;
				CLANG_WARN_RANGE_LOOP_ANALYSIS = YES;
				CLANG_WARN_STRICT_PROTOTYPES = YES;
				CLANG_WARN_SUSPICIOUS_MOVE = YES;
				CLANG_WARN_UNGUARDED_AVAILABILITY = YES_AGGRESSIVE;
				CLANG_WARN_UNREACHABLE_CODE = YES;
				CLANG_WARN__DUPLICATE_METHOD_MATCH = YES;
				COPY_PHASE_STRIP = NO;
				DEBUG_INFORMATION_FORMAT = "dwarf-with-dsym";
				ENABLE_NS_ASSERTIONS = NO;
				ENABLE_STRICT_OBJC_MSGSEND = YES;
				GCC_C_LANGUAGE_STANDARD = gnu11;
				GCC_NO_COMMON_BLOCKS = YES;
				GCC_WARN_64_TO_32_BIT_CONVERSION = YES;
				GCC_WARN_ABOUT_RETURN_TYPE = YES_ERROR;
				GCC_WARN_UNDECLARED_SELECTOR = YES;
				GCC_WARN_UNINITIALIZED_AUTOS = YES_AGGRESSIVE;
				GCC_WARN_UNUSED_FUNCTION = YES;
				GCC_WARN_UNUSED_VARIABLE = YES;
				IPHONEOS_DEPLOYMENT_TARGET = 13.6;
				MTL_ENABLE_DEBUG_INFO = NO;
				MTL_FAST_MATH = YES;
				SDKROOT = iphoneos;
				SWIFT_COMPILATION_MODE = wholemodule;
				SWIFT_OPTIMIZATION_LEVEL = "-O";
				VALIDATE_PRODUCT = YES;
			};
			name = Release;
		};
		262C0CCD25008A7A00D37CB9 /* Debug */ = {
			isa = XCBuildConfiguration;
			baseConfigurationReference = 34C83FF74CFAEAF05C77DDCC /* Pods-Material.debug.xcconfig */;
			buildSettings = {
				ASSETCATALOG_COMPILER_APPICON_NAME = AppIcon;
				CODE_SIGN_STYLE = Automatic;
				INFOPLIST_FILE = Material/Info.plist;
				LD_RUNPATH_SEARCH_PATHS = (
					"$(inherited)",
					"@executable_path/Frameworks",
				);
				PRODUCT_BUNDLE_IDENTIFIER = cn.chengguotech.Material;
				PRODUCT_NAME = "$(TARGET_NAME)";
				SWIFT_VERSION = 5.0;
				TARGETED_DEVICE_FAMILY = "1,2";
			};
			name = Debug;
		};
		262C0CCE25008A7A00D37CB9 /* Release */ = {
			isa = XCBuildConfiguration;
			baseConfigurationReference = F1BBD694E202A190A409FE7A /* Pods-Material.release.xcconfig */;
			buildSettings = {
				ASSETCATALOG_COMPILER_APPICON_NAME = AppIcon;
				CODE_SIGN_STYLE = Automatic;
				INFOPLIST_FILE = Material/Info.plist;
				LD_RUNPATH_SEARCH_PATHS = (
					"$(inherited)",
					"@executable_path/Frameworks",
				);
				PRODUCT_BUNDLE_IDENTIFIER = cn.chengguotech.Material;
				PRODUCT_NAME = "$(TARGET_NAME)";
				SWIFT_VERSION = 5.0;
				TARGETED_DEVICE_FAMILY = "1,2";
			};
			name = Release;
		};
/* End XCBuildConfiguration section */

/* Begin XCConfigurationList section */
		262C0CB325008A7900D37CB9 /* Build configuration list for PBXProject "Material" */ = {
			isa = XCConfigurationList;
			buildConfigurations = (
				262C0CCA25008A7A00D37CB9 /* Debug */,
				262C0CCB25008A7A00D37CB9 /* Release */,
			);
			defaultConfigurationIsVisible = 0;
			defaultConfigurationName = Release;
		};
		262C0CCC25008A7A00D37CB9 /* Build configuration list for PBXNativeTarget "Material" */ = {
			isa = XCConfigurationList;
			buildConfigurations = (
				262C0CCD25008A7A00D37CB9 /* Debug */,
				262C0CCE25008A7A00D37CB9 /* Release */,
			);
			defaultConfigurationIsVisible = 0;
			defaultConfigurationName = Release;
		};
/* End XCConfigurationList section */
	};
	rootObject = 262C0CB025008A7900D37CB9 /* Project object */;
}
